
Microsoft Visual Studio Solution File, Format Version 12.00
# Visual Studio Version 16
VisualStudioVersion = 16.0.31019.35
MinimumVisualStudioVersion = 10.0.40219.1
Project("{9A19103F-16F7-4668-BE54-9A1E7A4F7556}") = "SimpleStore", "SimpleStore\SimpleStore.csproj", "{5E0BB8D0-EC72-493C-B101-3A891D706036}"
EndProject
Project("{9A19103F-16F7-4668-BE54-9A1E7A4F7556}") = "SimpleStore.Database", "SimpleStore.Database\SimpleStore.Database.csproj", "{A043CA6E-0C90-4204-B191-025FCE519822}"
EndProject
Project("{2150E333-8FDC-42A3-9474-1A3956D46DE8}") = "helps", "helps", "{65FE0CF7-0A0B-4E0B-A0C4-406A0557C2F8}"
	ProjectSection(SolutionItems) = preProject
		code.txt = code.txt
	EndProjectSection
EndProject
Global
	GlobalSection(SolutionConfigurationPlatforms) = preSolution
		Debug|Any CPU = Debug|Any CPU
		Release|Any CPU = Release|Any CPU
	EndGlobalSection
	GlobalSection(ProjectConfigurationPlatforms) = postSolution
		{5E0BB8D0-EC72-493C-B101-3A891D706036}.Debug|Any CPU.ActiveCfg = Debug|Any CPU
		{5E0BB8D0-EC72-493C-B101-3A891D706036}.Debug|Any CPU.Build.0 = Debug|Any CPU
		{5E0BB8D0-EC72-493C-B101-3A891D706036}.Release|Any CPU.ActiveCfg = Release|Any CPU
		{5E0BB8D0-EC72-493C-B101-3A891D706036}.Release|Any CPU.Build.0 = Release|Any CPU
		{A043CA6E-0C90-4204-B191-025FCE519822}.Debug|Any CPU.ActiveCfg = Debug|Any CPU
		{A043CA6E-0C90-4204-B191-025FCE519822}.Debug|Any CPU.Build.0 = Debug|Any CPU
		{A043CA6E-0C90-4204-B191-025FCE519822}.Release|Any CPU.ActiveCfg = Release|Any CPU
		{A043CA6E-0C90-4204-B191-025FCE519822}.Release|Any CPU.Build.0 = Release|Any CPU
	EndGlobalSection
	GlobalSection(SolutionProperties) = preSolution
		HideSolutionNode = FALSE
	EndGlobalSection
	GlobalSection(ExtensibilityGlobals) = postSolution
		SolutionGuid = {464A2342-F7B6-43E4-A055-3CB9C53E74A4}
	EndGlobalSection
EndGlobal
